// !$*UTF8*$!
{
	archiveVersion = 1;
	classes = {
	};
	objectVersion = 46;
	objects = {

/* Begin PBXBuildFile section */
		4E199C191C9114F400DFAD45 /* BTDiscovery.swift in Sources */ = {isa = PBXBuildFile; fileRef = 4E199C171C9114F400DFAD45 /* BTDiscovery.swift */; };
		4E199C1A1C9114F400DFAD45 /* BTService.swift in Sources */ = {isa = PBXBuildFile; fileRef = 4E199C181C9114F400DFAD45 /* BTService.swift */; };
		4E199C201C911C0500DFAD45 /* ResultsCalendarViewController.swift in Sources */ = {isa = PBXBuildFile; fileRef = 4E199C1F1C911C0500DFAD45 /* ResultsCalendarViewController.swift */; };
		4E1CAF6E1C9DDBB00049A2DA /* Day.swift in Sources */ = {isa = PBXBuildFile; fileRef = 4E1CAF6D1C9DDBB00049A2DA /* Day.swift */; };
		4E1CAF701C9DDC1B0049A2DA /* Session.swift in Sources */ = {isa = PBXBuildFile; fileRef = 4E1CAF6F1C9DDC1B0049A2DA /* Session.swift */; };
		4E1CAF721C9DDED20049A2DA /* Shot.swift in Sources */ = {isa = PBXBuildFile; fileRef = 4E1CAF711C9DDED20049A2DA /* Shot.swift */; };
		4E1CAF741C9DE92E0049A2DA /* SessionTableViewCell.swift in Sources */ = {isa = PBXBuildFile; fileRef = 4E1CAF731C9DE92E0049A2DA /* SessionTableViewCell.swift */; };
		4E1CAF761C9DF10C0049A2DA /* ShotCollectionViewCell.swift in Sources */ = {isa = PBXBuildFile; fileRef = 4E1CAF751C9DF10C0049A2DA /* ShotCollectionViewCell.swift */; };
		4E3A82141C853C03002561E2 /* AppDelegate.swift in Sources */ = {isa = PBXBuildFile; fileRef = 4E3A82131C853C03002561E2 /* AppDelegate.swift */; };
		4E3A82191C853C03002561E2 /* Main.storyboard in Resources */ = {isa = PBXBuildFile; fileRef = 4E3A82171C853C03002561E2 /* Main.storyboard */; };
		4E3A821B1C853C03002561E2 /* Assets.xcassets in Resources */ = {isa = PBXBuildFile; fileRef = 4E3A821A1C853C03002561E2 /* Assets.xcassets */; };
		4E3A821E1C853C03002561E2 /* LaunchScreen.storyboard in Resources */ = {isa = PBXBuildFile; fileRef = 4E3A821C1C853C03002561E2 /* LaunchScreen.storyboard */; };
		4E3A82291C853C03002561E2 /* TriggerWorkTests.swift in Sources */ = {isa = PBXBuildFile; fileRef = 4E3A82281C853C03002561E2 /* TriggerWorkTests.swift */; };
		4E3A82341C853C03002561E2 /* TriggerWorkUITests.swift in Sources */ = {isa = PBXBuildFile; fileRef = 4E3A82331C853C03002561E2 /* TriggerWorkUITests.swift */; };
		4E3FB7E01C8CE270007D22FD /* MyriadPro-Bold.otf in Resources */ = {isa = PBXBuildFile; fileRef = 4E3FB7DF1C8CE270007D22FD /* MyriadPro-Bold.otf */; };
		4E3FB7E21C8CE324007D22FD /* MyriadPro-Light.otf in Resources */ = {isa = PBXBuildFile; fileRef = 4E3FB7E11C8CE324007D22FD /* MyriadPro-Light.otf */; };
		4E3FB7E41C8CE330007D22FD /* MyriadPro-Black.otf in Resources */ = {isa = PBXBuildFile; fileRef = 4E3FB7E31C8CE330007D22FD /* MyriadPro-Black.otf */; };
		4E3FB7EA1C8CEF55007D22FD /* BTDeviceTableViewCell.swift in Sources */ = {isa = PBXBuildFile; fileRef = 4E3FB7E91C8CEF55007D22FD /* BTDeviceTableViewCell.swift */; };
		4E5A6CBA1C8B76D200806161 /* LoginViewController.swift in Sources */ = {isa = PBXBuildFile; fileRef = 4E5A6CB91C8B76D200806161 /* LoginViewController.swift */; };
		4E5A6CC81C8B833700806161 /* Constants.swift in Sources */ = {isa = PBXBuildFile; fileRef = 4E5A6CC71C8B833700806161 /* Constants.swift */; };
		4E5A6CDA1C8BA9F900806161 /* BTDiscoveryViewController.swift in Sources */ = {isa = PBXBuildFile; fileRef = 4E5A6CD91C8BA9F900806161 /* BTDiscoveryViewController.swift */; };
		4EA15E001CBB2C2600FD83FF /* RecordSessionViewController.swift in Sources */ = {isa = PBXBuildFile; fileRef = 4EA15DFF1CBB2C2600FD83FF /* RecordSessionViewController.swift */; };
		4EABA4721C9F418F00A6DA10 /* sample_data.json in Resources */ = {isa = PBXBuildFile; fileRef = 4EABA4711C9F418F00A6DA10 /* sample_data.json */; };
		4EDB8E401CD55CC500BC4459 /* Extensions.swift in Sources */ = {isa = PBXBuildFile; fileRef = 4EDB8E3F1CD55CC500BC4459 /* Extensions.swift */; };
		4EDB8E421CD5639B00BC4459 /* Timeout.swift in Sources */ = {isa = PBXBuildFile; fileRef = 4EDB8E411CD5639B00BC4459 /* Timeout.swift */; };
		4EDC50BC1C99AA3000BA5267 /* ResultsDayViewController.swift in Sources */ = {isa = PBXBuildFile; fileRef = 4EDC50BB1C99AA3000BA5267 /* ResultsDayViewController.swift */; };
		4EDC50D01C9B0F8100BA5267 /* Athlete.swift in Sources */ = {isa = PBXBuildFile; fileRef = 4EDC50CF1C9B0F8100BA5267 /* Athlete.swift */; };
		4EF701798C597913E08B88DF /* Pods_TriggerWork.framework in Frameworks */ = {isa = PBXBuildFile; fileRef = 7847043E3C82682DFF40CFCB /* Pods_TriggerWork.framework */; };
/* End PBXBuildFile section */

/* Begin PBXContainerItemProxy section */
		4E3A82251C853C03002561E2 /* PBXContainerItemProxy */ = {
			isa = PBXContainerItemProxy;
			containerPortal = 4E3A82081C853C03002561E2 /* Project object */;
			proxyType = 1;
			remoteGlobalIDString = 4E3A820F1C853C03002561E2;
			remoteInfo = TriggerWork;
		};
		4E3A82301C853C03002561E2 /* PBXContainerItemProxy */ = {
			isa = PBXContainerItemProxy;
			containerPortal = 4E3A82081C853C03002561E2 /* Project object */;
			proxyType = 1;
			remoteGlobalIDString = 4E3A820F1C853C03002561E2;
			remoteInfo = TriggerWork;
		};
/* End PBXContainerItemProxy section */

/* Begin PBXFileReference section */
		21A1A8983F54D53CF905E533 /* Pods-TriggerWork.app store.xcconfig */ = {isa = PBXFileReference; includeInIndex = 1; lastKnownFileType = text.xcconfig; name = "Pods-TriggerWork.app store.xcconfig"; path = "Pods/Target Support Files/Pods-TriggerWork/Pods-TriggerWork.app store.xcconfig"; sourceTree = "<group>"; };
		4DD60F01F4F3CC26781605D8 /* Pods-TriggerWork.debug.xcconfig */ = {isa = PBXFileReference; includeInIndex = 1; lastKnownFileType = text.xcconfig; name = "Pods-TriggerWork.debug.xcconfig"; path = "Pods/Target Support Files/Pods-TriggerWork/Pods-TriggerWork.debug.xcconfig"; sourceTree = "<group>"; };
		4E199C171C9114F400DFAD45 /* BTDiscovery.swift */ = {isa = PBXFileReference; fileEncoding = 4; lastKnownFileType = sourcecode.swift; lineEnding = 0; path = BTDiscovery.swift; sourceTree = "<group>"; xcLanguageSpecificationIdentifier = xcode.lang.swift; };
		4E199C181C9114F400DFAD45 /* BTService.swift */ = {isa = PBXFileReference; fileEncoding = 4; lastKnownFileType = sourcecode.swift; lineEnding = 0; path = BTService.swift; sourceTree = "<group>"; xcLanguageSpecificationIdentifier = xcode.lang.swift; };
		4E199C1F1C911C0500DFAD45 /* ResultsCalendarViewController.swift */ = {isa = PBXFileReference; fileEncoding = 4; lastKnownFileType = sourcecode.swift; path = ResultsCalendarViewController.swift; sourceTree = "<group>"; };
		4E1CAF6D1C9DDBB00049A2DA /* Day.swift */ = {isa = PBXFileReference; fileEncoding = 4; lastKnownFileType = sourcecode.swift; path = Day.swift; sourceTree = "<group>"; };
		4E1CAF6F1C9DDC1B0049A2DA /* Session.swift */ = {isa = PBXFileReference; fileEncoding = 4; lastKnownFileType = sourcecode.swift; path = Session.swift; sourceTree = "<group>"; };
		4E1CAF711C9DDED20049A2DA /* Shot.swift */ = {isa = PBXFileReference; fileEncoding = 4; lastKnownFileType = sourcecode.swift; path = Shot.swift; sourceTree = "<group>"; };
		4E1CAF731C9DE92E0049A2DA /* SessionTableViewCell.swift */ = {isa = PBXFileReference; fileEncoding = 4; lastKnownFileType = sourcecode.swift; path = SessionTableViewCell.swift; sourceTree = "<group>"; };
		4E1CAF751C9DF10C0049A2DA /* ShotCollectionViewCell.swift */ = {isa = PBXFileReference; fileEncoding = 4; lastKnownFileType = sourcecode.swift; path = ShotCollectionViewCell.swift; sourceTree = "<group>"; };
		4E3A82101C853C03002561E2 /* TriggerWork.app */ = {isa = PBXFileReference; explicitFileType = wrapper.application; includeInIndex = 0; path = TriggerWork.app; sourceTree = BUILT_PRODUCTS_DIR; };
		4E3A82131C853C03002561E2 /* AppDelegate.swift */ = {isa = PBXFileReference; lastKnownFileType = sourcecode.swift; lineEnding = 0; path = AppDelegate.swift; sourceTree = "<group>"; xcLanguageSpecificationIdentifier = xcode.lang.swift; };
		4E3A82181C853C03002561E2 /* Base */ = {isa = PBXFileReference; lastKnownFileType = file.storyboard; name = Base; path = Base.lproj/Main.storyboard; sourceTree = "<group>"; };
		4E3A821A1C853C03002561E2 /* Assets.xcassets */ = {isa = PBXFileReference; lastKnownFileType = folder.assetcatalog; path = Assets.xcassets; sourceTree = "<group>"; };
		4E3A821D1C853C03002561E2 /* Base */ = {isa = PBXFileReference; lastKnownFileType = file.storyboard; name = Base; path = Base.lproj/LaunchScreen.storyboard; sourceTree = "<group>"; };
		4E3A821F1C853C03002561E2 /* Info.plist */ = {isa = PBXFileReference; lastKnownFileType = text.plist.xml; path = Info.plist; sourceTree = "<group>"; };
		4E3A82241C853C03002561E2 /* TriggerWorkTests.xctest */ = {isa = PBXFileReference; explicitFileType = wrapper.cfbundle; includeInIndex = 0; path = TriggerWorkTests.xctest; sourceTree = BUILT_PRODUCTS_DIR; };
		4E3A82281C853C03002561E2 /* TriggerWorkTests.swift */ = {isa = PBXFileReference; lastKnownFileType = sourcecode.swift; lineEnding = 0; path = TriggerWorkTests.swift; sourceTree = "<group>"; xcLanguageSpecificationIdentifier = xcode.lang.swift; };
		4E3A822A1C853C03002561E2 /* Info.plist */ = {isa = PBXFileReference; lastKnownFileType = text.plist.xml; path = Info.plist; sourceTree = "<group>"; };
		4E3A822F1C853C03002561E2 /* TriggerWorkUITests.xctest */ = {isa = PBXFileReference; explicitFileType = wrapper.cfbundle; includeInIndex = 0; path = TriggerWorkUITests.xctest; sourceTree = BUILT_PRODUCTS_DIR; };
		4E3A82331C853C03002561E2 /* TriggerWorkUITests.swift */ = {isa = PBXFileReference; lastKnownFileType = sourcecode.swift; lineEnding = 0; path = TriggerWorkUITests.swift; sourceTree = "<group>"; xcLanguageSpecificationIdentifier = xcode.lang.swift; };
		4E3A82351C853C03002561E2 /* Info.plist */ = {isa = PBXFileReference; lastKnownFileType = text.plist.xml; path = Info.plist; sourceTree = "<group>"; };
		4E3FB7DF1C8CE270007D22FD /* MyriadPro-Bold.otf */ = {isa = PBXFileReference; lastKnownFileType = file; path = "MyriadPro-Bold.otf"; sourceTree = "<group>"; };
		4E3FB7E11C8CE324007D22FD /* MyriadPro-Light.otf */ = {isa = PBXFileReference; lastKnownFileType = file; path = "MyriadPro-Light.otf"; sourceTree = "<group>"; };
		4E3FB7E31C8CE330007D22FD /* MyriadPro-Black.otf */ = {isa = PBXFileReference; lastKnownFileType = file; path = "MyriadPro-Black.otf"; sourceTree = "<group>"; };
		4E3FB7E91C8CEF55007D22FD /* BTDeviceTableViewCell.swift */ = {isa = PBXFileReference; fileEncoding = 4; lastKnownFileType = sourcecode.swift; lineEnding = 0; path = BTDeviceTableViewCell.swift; sourceTree = "<group>"; xcLanguageSpecificationIdentifier = xcode.lang.swift; };
		4E5A6CB91C8B76D200806161 /* LoginViewController.swift */ = {isa = PBXFileReference; fileEncoding = 4; lastKnownFileType = sourcecode.swift; lineEnding = 0; path = LoginViewController.swift; sourceTree = "<group>"; xcLanguageSpecificationIdentifier = xcode.lang.swift; };
		4E5A6CC71C8B833700806161 /* Constants.swift */ = {isa = PBXFileReference; fileEncoding = 4; lastKnownFileType = sourcecode.swift; lineEnding = 0; path = Constants.swift; sourceTree = "<group>"; xcLanguageSpecificationIdentifier = xcode.lang.swift; };
		4E5A6CC91C8B884A00806161 /* TriggerWork-Bridging-Header.h */ = {isa = PBXFileReference; lastKnownFileType = sourcecode.c.h; lineEnding = 0; path = "TriggerWork-Bridging-Header.h"; sourceTree = "<group>"; xcLanguageSpecificationIdentifier = xcode.lang.objcpp; };
		4E5A6CD91C8BA9F900806161 /* BTDiscoveryViewController.swift */ = {isa = PBXFileReference; fileEncoding = 4; lastKnownFileType = sourcecode.swift; lineEnding = 0; path = BTDiscoveryViewController.swift; sourceTree = "<group>"; xcLanguageSpecificationIdentifier = xcode.lang.swift; };
		4EA15DFF1CBB2C2600FD83FF /* RecordSessionViewController.swift */ = {isa = PBXFileReference; fileEncoding = 4; lastKnownFileType = sourcecode.swift; path = RecordSessionViewController.swift; sourceTree = "<group>"; };
		4EABA4711C9F418F00A6DA10 /* sample_data.json */ = {isa = PBXFileReference; fileEncoding = 4; lastKnownFileType = text.json; path = sample_data.json; sourceTree = "<group>"; };
		4EDB8E3F1CD55CC500BC4459 /* Extensions.swift */ = {isa = PBXFileReference; fileEncoding = 4; lastKnownFileType = sourcecode.swift; path = Extensions.swift; sourceTree = "<group>"; };
		4EDB8E411CD5639B00BC4459 /* Timeout.swift */ = {isa = PBXFileReference; fileEncoding = 4; lastKnownFileType = sourcecode.swift; path = Timeout.swift; sourceTree = "<group>"; };
		4EDC50BB1C99AA3000BA5267 /* ResultsDayViewController.swift */ = {isa = PBXFileReference; fileEncoding = 4; lastKnownFileType = sourcecode.swift; path = ResultsDayViewController.swift; sourceTree = "<group>"; };
		4EDC50CF1C9B0F8100BA5267 /* Athlete.swift */ = {isa = PBXFileReference; fileEncoding = 4; lastKnownFileType = sourcecode.swift; path = Athlete.swift; sourceTree = "<group>"; };
		689DD37978C4EDE15A097E36 /* Pods-TriggerWork.release.xcconfig */ = {isa = PBXFileReference; includeInIndex = 1; lastKnownFileType = text.xcconfig; name = "Pods-TriggerWork.release.xcconfig"; path = "Pods/Target Support Files/Pods-TriggerWork/Pods-TriggerWork.release.xcconfig"; sourceTree = "<group>"; };
		7847043E3C82682DFF40CFCB /* Pods_TriggerWork.framework */ = {isa = PBXFileReference; explicitFileType = wrapper.framework; includeInIndex = 0; path = Pods_TriggerWork.framework; sourceTree = BUILT_PRODUCTS_DIR; };
		93C5B9815D25ED5B9340F693 /* Pods-TriggerWork.release staging.xcconfig */ = {isa = PBXFileReference; includeInIndex = 1; lastKnownFileType = text.xcconfig; name = "Pods-TriggerWork.release staging.xcconfig"; path = "Pods/Target Support Files/Pods-TriggerWork/Pods-TriggerWork.release staging.xcconfig"; sourceTree = "<group>"; };
		FFC9E583CD6B58F70EB8B9D8 /* Pods-TriggerWork.debug staging.xcconfig */ = {isa = PBXFileReference; includeInIndex = 1; lastKnownFileType = text.xcconfig; name = "Pods-TriggerWork.debug staging.xcconfig"; path = "Pods/Target Support Files/Pods-TriggerWork/Pods-TriggerWork.debug staging.xcconfig"; sourceTree = "<group>"; };
/* End PBXFileReference section */

/* Begin PBXFrameworksBuildPhase section */
		4E3A820D1C853C03002561E2 /* Frameworks */ = {
			isa = PBXFrameworksBuildPhase;
			buildActionMask = 2147483647;
			files = (
				4EF701798C597913E08B88DF /* Pods_TriggerWork.framework in Frameworks */,
			);
			runOnlyForDeploymentPostprocessing = 0;
		};
		4E3A82211C853C03002561E2 /* Frameworks */ = {
			isa = PBXFrameworksBuildPhase;
			buildActionMask = 2147483647;
			files = (
			);
			runOnlyForDeploymentPostprocessing = 0;
		};
		4E3A822C1C853C03002561E2 /* Frameworks */ = {
			isa = PBXFrameworksBuildPhase;
			buildActionMask = 2147483647;
			files = (
			);
			runOnlyForDeploymentPostprocessing = 0;
		};
/* End PBXFrameworksBuildPhase section */

/* Begin PBXGroup section */
		4E3A82071C853C03002561E2 = {
			isa = PBXGroup;
			children = (
				4E3A82121C853C03002561E2 /* TriggerWork */,
				4E3A82271C853C03002561E2 /* TriggerWorkTests */,
				4E3A82321C853C03002561E2 /* TriggerWorkUITests */,
				4E3A82111C853C03002561E2 /* Products */,
				A418FE00B0B3A1628019D27A /* Pods */,
				6165F4287DE7FF9409844195 /* Frameworks */,
			);
			sourceTree = "<group>";
		};
		4E3A82111C853C03002561E2 /* Products */ = {
			isa = PBXGroup;
			children = (
				4E3A82101C853C03002561E2 /* TriggerWork.app */,
				4E3A82241C853C03002561E2 /* TriggerWorkTests.xctest */,
				4E3A822F1C853C03002561E2 /* TriggerWorkUITests.xctest */,
			);
			name = Products;
			sourceTree = "<group>";
		};
		4E3A82121C853C03002561E2 /* TriggerWork */ = {
			isa = PBXGroup;
			children = (
				4E5A6CCE1C8B88C200806161 /* Models */,
				4E5A6CCD1C8B88BD00806161 /* Controllers */,
				4E5A6CCB1C8B88A900806161 /* Layouts */,
				4E5A6CCC1C8B88B000806161 /* Other */,
				4E3A821A1C853C03002561E2 /* Assets.xcassets */,
				4E5A6CCA1C8B889D00806161 /* Supporting Files */,
			);
			path = TriggerWork;
			sourceTree = "<group>";
		};
		4E3A82271C853C03002561E2 /* TriggerWorkTests */ = {
			isa = PBXGroup;
			children = (
				4E3A82281C853C03002561E2 /* TriggerWorkTests.swift */,
				4E3A822A1C853C03002561E2 /* Info.plist */,
			);
			path = TriggerWorkTests;
			sourceTree = "<group>";
		};
		4E3A82321C853C03002561E2 /* TriggerWorkUITests */ = {
			isa = PBXGroup;
			children = (
				4E3A82331C853C03002561E2 /* TriggerWorkUITests.swift */,
				4E3A82351C853C03002561E2 /* Info.plist */,
			);
			path = TriggerWorkUITests;
			sourceTree = "<group>";
		};
		4E3FB7E51C8CE334007D22FD /* Fonts */ = {
			isa = PBXGroup;
			children = (
				4E3FB7DF1C8CE270007D22FD /* MyriadPro-Bold.otf */,
				4E3FB7E31C8CE330007D22FD /* MyriadPro-Black.otf */,
				4E3FB7E11C8CE324007D22FD /* MyriadPro-Light.otf */,
			);
			name = Fonts;
			sourceTree = "<group>";
		};
		4E3FB7EB1C8CEF5A007D22FD /* Cells */ = {
			isa = PBXGroup;
			children = (
				4E3FB7E91C8CEF55007D22FD /* BTDeviceTableViewCell.swift */,
				4E1CAF731C9DE92E0049A2DA /* SessionTableViewCell.swift */,
				4E1CAF751C9DF10C0049A2DA /* ShotCollectionViewCell.swift */,
			);
			name = Cells;
			sourceTree = "<group>";
		};
		4E3FB7EC1C8CEF60007D22FD /* Storyboards */ = {
			isa = PBXGroup;
			children = (
				4E3A82171C853C03002561E2 /* Main.storyboard */,
				4E3A821C1C853C03002561E2 /* LaunchScreen.storyboard */,
			);
			name = Storyboards;
			sourceTree = "<group>";
		};
		4E5A6CCA1C8B889D00806161 /* Supporting Files */ = {
			isa = PBXGroup;
			children = (
				4E3FB7E51C8CE334007D22FD /* Fonts */,
				4E5A6CC91C8B884A00806161 /* TriggerWork-Bridging-Header.h */,
				4EABA4711C9F418F00A6DA10 /* sample_data.json */,
				4E3A821F1C853C03002561E2 /* Info.plist */,
			);
			name = "Supporting Files";
			sourceTree = "<group>";
		};
		4E5A6CCB1C8B88A900806161 /* Layouts */ = {
			isa = PBXGroup;
			children = (
				4E3FB7EB1C8CEF5A007D22FD /* Cells */,
				4E3FB7EC1C8CEF60007D22FD /* Storyboards */,
			);
			name = Layouts;
			sourceTree = "<group>";
		};
		4E5A6CCC1C8B88B000806161 /* Other */ = {
			isa = PBXGroup;
			children = (
				4E5A6CC71C8B833700806161 /* Constants.swift */,
				4EDB8E411CD5639B00BC4459 /* Timeout.swift */,
				4EDB8E3F1CD55CC500BC4459 /* Extensions.swift */,
				4E3A82131C853C03002561E2 /* AppDelegate.swift */,
			);
			name = Other;
			sourceTree = "<group>";
		};
		4E5A6CCD1C8B88BD00806161 /* Controllers */ = {
			isa = PBXGroup;
			children = (
				4E5A6CB91C8B76D200806161 /* LoginViewController.swift */,
				4E5A6CD91C8BA9F900806161 /* BTDiscoveryViewController.swift */,
				4EA15DFF1CBB2C2600FD83FF /* RecordSessionViewController.swift */,
				4E199C1F1C911C0500DFAD45 /* ResultsCalendarViewController.swift */,
				4EDC50BB1C99AA3000BA5267 /* ResultsDayViewController.swift */,
			);
			name = Controllers;
			sourceTree = "<group>";
		};
		4E5A6CCE1C8B88C200806161 /* Models */ = {
			isa = PBXGroup;
			children = (
				4EDC50CF1C9B0F8100BA5267 /* Athlete.swift */,
				4E1CAF6D1C9DDBB00049A2DA /* Day.swift */,
				4E1CAF6F1C9DDC1B0049A2DA /* Session.swift */,
				4E1CAF711C9DDED20049A2DA /* Shot.swift */,
				4E199C171C9114F400DFAD45 /* BTDiscovery.swift */,
				4E199C181C9114F400DFAD45 /* BTService.swift */,
			);
			name = Models;
			sourceTree = "<group>";
		};
		6165F4287DE7FF9409844195 /* Frameworks */ = {
			isa = PBXGroup;
			children = (
				7847043E3C82682DFF40CFCB /* Pods_TriggerWork.framework */,
			);
			name = Frameworks;
			sourceTree = "<group>";
		};
		A418FE00B0B3A1628019D27A /* Pods */ = {
			isa = PBXGroup;
			children = (
				4DD60F01F4F3CC26781605D8 /* Pods-TriggerWork.debug.xcconfig */,
				689DD37978C4EDE15A097E36 /* Pods-TriggerWork.release.xcconfig */,
				FFC9E583CD6B58F70EB8B9D8 /* Pods-TriggerWork.debug staging.xcconfig */,
				93C5B9815D25ED5B9340F693 /* Pods-TriggerWork.release staging.xcconfig */,
				21A1A8983F54D53CF905E533 /* Pods-TriggerWork.app store.xcconfig */,
			);
			name = Pods;
			sourceTree = "<group>";
		};
/* End PBXGroup section */

/* Begin PBXNativeTarget section */
		4E3A820F1C853C03002561E2 /* TriggerWork */ = {
			isa = PBXNativeTarget;
			buildConfigurationList = 4E3A82381C853C03002561E2 /* Build configuration list for PBXNativeTarget "TriggerWork" */;
			buildPhases = (
				211D39BADF5FB109DDEA70F7 /* Check Pods Manifest.lock */,
				4E3A820C1C853C03002561E2 /* Sources */,
				4E3A820D1C853C03002561E2 /* Frameworks */,
				4E3A820E1C853C03002561E2 /* Resources */,
				8453A35A138062D693C676E4 /* Embed Pods Frameworks */,
				D0A3A63BE5EE1176DBEB2E0B /* Copy Pods Resources */,
			);
			buildRules = (
			);
			dependencies = (
			);
			name = TriggerWork;
			productName = TriggerWork;
			productReference = 4E3A82101C853C03002561E2 /* TriggerWork.app */;
			productType = "com.apple.product-type.application";
		};
		4E3A82231C853C03002561E2 /* TriggerWorkTests */ = {
			isa = PBXNativeTarget;
			buildConfigurationList = 4E3A823B1C853C03002561E2 /* Build configuration list for PBXNativeTarget "TriggerWorkTests" */;
			buildPhases = (
				4E3A82201C853C03002561E2 /* Sources */,
				4E3A82211C853C03002561E2 /* Frameworks */,
				4E3A82221C853C03002561E2 /* Resources */,
			);
			buildRules = (
			);
			dependencies = (
				4E3A82261C853C03002561E2 /* PBXTargetDependency */,
			);
			name = TriggerWorkTests;
			productName = TriggerWorkTests;
			productReference = 4E3A82241C853C03002561E2 /* TriggerWorkTests.xctest */;
			productType = "com.apple.product-type.bundle.unit-test";
		};
		4E3A822E1C853C03002561E2 /* TriggerWorkUITests */ = {
			isa = PBXNativeTarget;
			buildConfigurationList = 4E3A823E1C853C03002561E2 /* Build configuration list for PBXNativeTarget "TriggerWorkUITests" */;
			buildPhases = (
				4E3A822B1C853C03002561E2 /* Sources */,
				4E3A822C1C853C03002561E2 /* Frameworks */,
				4E3A822D1C853C03002561E2 /* Resources */,
			);
			buildRules = (
			);
			dependencies = (
				4E3A82311C853C03002561E2 /* PBXTargetDependency */,
			);
			name = TriggerWorkUITests;
			productName = TriggerWorkUITests;
			productReference = 4E3A822F1C853C03002561E2 /* TriggerWorkUITests.xctest */;
			productType = "com.apple.product-type.bundle.ui-testing";
		};
/* End PBXNativeTarget section */

/* Begin PBXProject section */
		4E3A82081C853C03002561E2 /* Project object */ = {
			isa = PBXProject;
			attributes = {
				CLASSPREFIX = "";
				LastSwiftUpdateCheck = 0720;
				LastUpgradeCheck = 0720;
				ORGANIZATIONNAME = "Lost Nation R&D";
				TargetAttributes = {
					4E3A820F1C853C03002561E2 = {
						CreatedOnToolsVersion = 7.2.1;
						DevelopmentTeam = XVTXH22YPM;
					};
					4E3A82231C853C03002561E2 = {
						CreatedOnToolsVersion = 7.2.1;
						TestTargetID = 4E3A820F1C853C03002561E2;
					};
					4E3A822E1C853C03002561E2 = {
						CreatedOnToolsVersion = 7.2.1;
						TestTargetID = 4E3A820F1C853C03002561E2;
					};
				};
			};
			buildConfigurationList = 4E3A820B1C853C03002561E2 /* Build configuration list for PBXProject "TriggerWork" */;
			compatibilityVersion = "Xcode 3.2";
			developmentRegion = English;
			hasScannedForEncodings = 0;
			knownRegions = (
				en,
				Base,
			);
			mainGroup = 4E3A82071C853C03002561E2;
			productRefGroup = 4E3A82111C853C03002561E2 /* Products */;
			projectDirPath = "";
			projectRoot = "";
			targets = (
				4E3A820F1C853C03002561E2 /* TriggerWork */,
				4E3A82231C853C03002561E2 /* TriggerWorkTests */,
				4E3A822E1C853C03002561E2 /* TriggerWorkUITests */,
			);
		};
/* End PBXProject section */

/* Begin PBXResourcesBuildPhase section */
		4E3A820E1C853C03002561E2 /* Resources */ = {
			isa = PBXResourcesBuildPhase;
			buildActionMask = 2147483647;
			files = (
				4E3A821E1C853C03002561E2 /* LaunchScreen.storyboard in Resources */,
				4E3FB7E41C8CE330007D22FD /* MyriadPro-Black.otf in Resources */,
				4E3FB7E21C8CE324007D22FD /* MyriadPro-Light.otf in Resources */,
				4E3A821B1C853C03002561E2 /* Assets.xcassets in Resources */,
				4E3FB7E01C8CE270007D22FD /* MyriadPro-Bold.otf in Resources */,
				4E3A82191C853C03002561E2 /* Main.storyboard in Resources */,
				4EABA4721C9F418F00A6DA10 /* sample_data.json in Resources */,
			);
			runOnlyForDeploymentPostprocessing = 0;
		};
		4E3A82221C853C03002561E2 /* Resources */ = {
			isa = PBXResourcesBuildPhase;
			buildActionMask = 2147483647;
			files = (
			);
			runOnlyForDeploymentPostprocessing = 0;
		};
		4E3A822D1C853C03002561E2 /* Resources */ = {
			isa = PBXResourcesBuildPhase;
			buildActionMask = 2147483647;
			files = (
			);
			runOnlyForDeploymentPostprocessing = 0;
		};
/* End PBXResourcesBuildPhase section */

/* Begin PBXShellScriptBuildPhase section */
		211D39BADF5FB109DDEA70F7 /* Check Pods Manifest.lock */ = {
			isa = PBXShellScriptBuildPhase;
			buildActionMask = 2147483647;
			files = (
			);
			inputPaths = (
			);
			name = "Check Pods Manifest.lock";
			outputPaths = (
			);
			runOnlyForDeploymentPostprocessing = 0;
			shellPath = /bin/sh;
			shellScript = "diff \"${PODS_ROOT}/../Podfile.lock\" \"${PODS_ROOT}/Manifest.lock\" > /dev/null\nif [[ $? != 0 ]] ; then\n    cat << EOM\nerror: The sandbox is not in sync with the Podfile.lock. Run 'pod install' or update your CocoaPods installation.\nEOM\n    exit 1\nfi\n";
			showEnvVarsInLog = 0;
		};
		8453A35A138062D693C676E4 /* Embed Pods Frameworks */ = {
			isa = PBXShellScriptBuildPhase;
			buildActionMask = 2147483647;
			files = (
			);
			inputPaths = (
			);
			name = "Embed Pods Frameworks";
			outputPaths = (
			);
			runOnlyForDeploymentPostprocessing = 0;
			shellPath = /bin/sh;
			shellScript = "\"${SRCROOT}/Pods/Target Support Files/Pods-TriggerWork/Pods-TriggerWork-frameworks.sh\"\n";
			showEnvVarsInLog = 0;
		};
		D0A3A63BE5EE1176DBEB2E0B /* Copy Pods Resources */ = {
			isa = PBXShellScriptBuildPhase;
			buildActionMask = 2147483647;
			files = (
			);
			inputPaths = (
			);
			name = "Copy Pods Resources";
			outputPaths = (
			);
			runOnlyForDeploymentPostprocessing = 0;
			shellPath = /bin/sh;
			shellScript = "\"${SRCROOT}/Pods/Target Support Files/Pods-TriggerWork/Pods-TriggerWork-resources.sh\"\n";
			showEnvVarsInLog = 0;
		};
/* End PBXShellScriptBuildPhase section */

/* Begin PBXSourcesBuildPhase section */
		4E3A820C1C853C03002561E2 /* Sources */ = {
			isa = PBXSourcesBuildPhase;
			buildActionMask = 2147483647;
			files = (
				4E5A6CDA1C8BA9F900806161 /* BTDiscoveryViewController.swift in Sources */,
				4EDC50BC1C99AA3000BA5267 /* ResultsDayViewController.swift in Sources */,
				4E1CAF6E1C9DDBB00049A2DA /* Day.swift in Sources */,
				4E5A6CBA1C8B76D200806161 /* LoginViewController.swift in Sources */,
				4E1CAF741C9DE92E0049A2DA /* SessionTableViewCell.swift in Sources */,
				4EDC50D01C9B0F8100BA5267 /* Athlete.swift in Sources */,
				4E199C191C9114F400DFAD45 /* BTDiscovery.swift in Sources */,
				4E199C1A1C9114F400DFAD45 /* BTService.swift in Sources */,
				4E1CAF701C9DDC1B0049A2DA /* Session.swift in Sources */,
				4E3A82141C853C03002561E2 /* AppDelegate.swift in Sources */,
				4EA15E001CBB2C2600FD83FF /* RecordSessionViewController.swift in Sources */,
				4E3FB7EA1C8CEF55007D22FD /* BTDeviceTableViewCell.swift in Sources */,
				4E199C201C911C0500DFAD45 /* ResultsCalendarViewController.swift in Sources */,
				4E1CAF761C9DF10C0049A2DA /* ShotCollectionViewCell.swift in Sources */,
				4EDB8E401CD55CC500BC4459 /* Extensions.swift in Sources */,
				4E5A6CC81C8B833700806161 /* Constants.swift in Sources */,
				4E1CAF721C9DDED20049A2DA /* Shot.swift in Sources */,
				4EDB8E421CD5639B00BC4459 /* Timeout.swift in Sources */,
			);
			runOnlyForDeploymentPostprocessing = 0;
		};
		4E3A82201C853C03002561E2 /* Sources */ = {
			isa = PBXSourcesBuildPhase;
			buildActionMask = 2147483647;
			files = (
				4E3A82291C853C03002561E2 /* TriggerWorkTests.swift in Sources */,
			);
			runOnlyForDeploymentPostprocessing = 0;
		};
		4E3A822B1C853C03002561E2 /* Sources */ = {
			isa = PBXSourcesBuildPhase;
			buildActionMask = 2147483647;
			files = (
				4E3A82341C853C03002561E2 /* TriggerWorkUITests.swift in Sources */,
			);
			runOnlyForDeploymentPostprocessing = 0;
		};
/* End PBXSourcesBuildPhase section */

/* Begin PBXTargetDependency section */
		4E3A82261C853C03002561E2 /* PBXTargetDependency */ = {
			isa = PBXTargetDependency;
			target = 4E3A820F1C853C03002561E2 /* TriggerWork */;
			targetProxy = 4E3A82251C853C03002561E2 /* PBXContainerItemProxy */;
		};
		4E3A82311C853C03002561E2 /* PBXTargetDependency */ = {
			isa = PBXTargetDependency;
			target = 4E3A820F1C853C03002561E2 /* TriggerWork */;
			targetProxy = 4E3A82301C853C03002561E2 /* PBXContainerItemProxy */;
		};
/* End PBXTargetDependency section */

/* Begin PBXVariantGroup section */
		4E3A82171C853C03002561E2 /* Main.storyboard */ = {
			isa = PBXVariantGroup;
			children = (
				4E3A82181C853C03002561E2 /* Base */,
			);
			name = Main.storyboard;
			sourceTree = "<group>";
		};
		4E3A821C1C853C03002561E2 /* LaunchScreen.storyboard */ = {
			isa = PBXVariantGroup;
			children = (
				4E3A821D1C853C03002561E2 /* Base */,
			);
			name = LaunchScreen.storyboard;
			sourceTree = "<group>";
		};
/* End PBXVariantGroup section */

/* Begin XCBuildConfiguration section */
		4E3A82361C853C03002561E2 /* Debug */ = {
			isa = XCBuildConfiguration;
			buildSettings = {
				ALWAYS_SEARCH_USER_PATHS = NO;
				BUNDLE_ID = com.lostnationrd.TriggerWork;
				CLANG_CXX_LANGUAGE_STANDARD = "gnu++0x";
				CLANG_CXX_LIBRARY = "libc++";
				CLANG_ENABLE_MODULES = YES;
				CLANG_ENABLE_OBJC_ARC = YES;
				CLANG_WARN_BOOL_CONVERSION = YES;
				CLANG_WARN_CONSTANT_CONVERSION = YES;
				CLANG_WARN_DIRECT_OBJC_ISA_USAGE = YES_ERROR;
				CLANG_WARN_EMPTY_BODY = YES;
				CLANG_WARN_ENUM_CONVERSION = YES;
				CLANG_WARN_INT_CONVERSION = YES;
				CLANG_WARN_OBJC_ROOT_CLASS = YES_ERROR;
				CLANG_WARN_UNREACHABLE_CODE = YES;
				CLANG_WARN__DUPLICATE_METHOD_MATCH = YES;
				"CODE_SIGN_IDENTITY[sdk=iphoneos*]" = "iPhone Developer";
				COPY_PHASE_STRIP = NO;
				DEBUG_INFORMATION_FORMAT = dwarf;
				ENABLE_STRICT_OBJC_MSGSEND = YES;
				ENABLE_TESTABILITY = YES;
				GCC_C_LANGUAGE_STANDARD = gnu99;
				GCC_DYNAMIC_NO_PIC = NO;
				GCC_NO_COMMON_BLOCKS = YES;
				GCC_OPTIMIZATION_LEVEL = 0;
				GCC_PREPROCESSOR_DEFINITIONS = (
					"DEBUG=1",
					"$(inherited)",
				);
				GCC_WARN_64_TO_32_BIT_CONVERSION = YES;
				GCC_WARN_ABOUT_RETURN_TYPE = YES_ERROR;
				GCC_WARN_UNDECLARED_SELECTOR = YES;
				GCC_WARN_UNINITIALIZED_AUTOS = YES_AGGRESSIVE;
				GCC_WARN_UNUSED_FUNCTION = YES;
				GCC_WARN_UNUSED_VARIABLE = YES;
				IPHONEOS_DEPLOYMENT_TARGET = 9.2;
				MTL_ENABLE_DEBUG_INFO = YES;
				NAME_SUFFIX = "-Production";
				ONLY_ACTIVE_ARCH = YES;
				SDKROOT = iphoneos;
				SWIFT_OBJC_BRIDGING_HEADER = "";
				SWIFT_OPTIMIZATION_LEVEL = "-Onone";
				TARGETED_DEVICE_FAMILY = "1,2";
			};
			name = Debug;
		};
		4E3A82371C853C03002561E2 /* Release */ = {
			isa = XCBuildConfiguration;
			buildSettings = {
				ALWAYS_SEARCH_USER_PATHS = NO;
				BUNDLE_ID = com.lostnationrd.TriggerWork;
				CLANG_CXX_LANGUAGE_STANDARD = "gnu++0x";
				CLANG_CXX_LIBRARY = "libc++";
				CLANG_ENABLE_MODULES = YES;
				CLANG_ENABLE_OBJC_ARC = YES;
				CLANG_WARN_BOOL_CONVERSION = YES;
				CLANG_WARN_CONSTANT_CONVERSION = YES;
				CLANG_WARN_DIRECT_OBJC_ISA_USAGE = YES_ERROR;
				CLANG_WARN_EMPTY_BODY = YES;
				CLANG_WARN_ENUM_CONVERSION = YES;
				CLANG_WARN_INT_CONVERSION = YES;
				CLANG_WARN_OBJC_ROOT_CLASS = YES_ERROR;
				CLANG_WARN_UNREACHABLE_CODE = YES;
				CLANG_WARN__DUPLICATE_METHOD_MATCH = YES;
				"CODE_SIGN_IDENTITY[sdk=iphoneos*]" = "iPhone Developer";
				COPY_PHASE_STRIP = NO;
				DEBUG_INFORMATION_FORMAT = "dwarf-with-dsym";
				ENABLE_NS_ASSERTIONS = NO;
				ENABLE_STRICT_OBJC_MSGSEND = YES;
				GCC_C_LANGUAGE_STANDARD = gnu99;
				GCC_NO_COMMON_BLOCKS = YES;
				GCC_WARN_64_TO_32_BIT_CONVERSION = YES;
				GCC_WARN_ABOUT_RETURN_TYPE = YES_ERROR;
				GCC_WARN_UNDECLARED_SELECTOR = YES;
				GCC_WARN_UNINITIALIZED_AUTOS = YES_AGGRESSIVE;
				GCC_WARN_UNUSED_FUNCTION = YES;
				GCC_WARN_UNUSED_VARIABLE = YES;
				IPHONEOS_DEPLOYMENT_TARGET = 9.2;
				MTL_ENABLE_DEBUG_INFO = NO;
				NAME_SUFFIX = "-Production";
				SDKROOT = iphoneos;
				SWIFT_OBJC_BRIDGING_HEADER = "";
				TARGETED_DEVICE_FAMILY = "1,2";
				VALIDATE_PRODUCT = YES;
			};
			name = Release;
		};
		4E3A82391C853C03002561E2 /* Debug */ = {
			isa = XCBuildConfiguration;
			baseConfigurationReference = 4DD60F01F4F3CC26781605D8 /* Pods-TriggerWork.debug.xcconfig */;
			buildSettings = {
				ALWAYS_SEARCH_USER_PATHS = NO;
				ASSETCATALOG_COMPILER_APPICON_NAME = AppIcon;
				CODE_SIGN_IDENTITY = "iPhone Developer";
				INFOPLIST_FILE = TriggerWork/Info.plist;
				LD_RUNPATH_SEARCH_PATHS = "$(inherited) @executable_path/Frameworks";
				PRODUCT_BUNDLE_IDENTIFIER = com.lostnationrd.TriggerWork;
				PRODUCT_NAME = "$(TARGET_NAME)";
				SWIFT_OBJC_BRIDGING_HEADER = "TriggerWork/TriggerWork-Bridging-Header.h";
			};
			name = Debug;
		};
		4E3A823A1C853C03002561E2 /* Release */ = {
			isa = XCBuildConfiguration;
			baseConfigurationReference = 689DD37978C4EDE15A097E36 /* Pods-TriggerWork.release.xcconfig */;
			buildSettings = {
				ALWAYS_SEARCH_USER_PATHS = NO;
				ASSETCATALOG_COMPILER_APPICON_NAME = AppIcon;
				CODE_SIGN_IDENTITY = "iPhone Developer";
				INFOPLIST_FILE = TriggerWork/Info.plist;
				LD_RUNPATH_SEARCH_PATHS = "$(inherited) @executable_path/Frameworks";
				PRODUCT_BUNDLE_IDENTIFIER = com.lostnationrd.TriggerWork;
				PRODUCT_NAME = "$(TARGET_NAME)";
				SWIFT_OBJC_BRIDGING_HEADER = "TriggerWork/TriggerWork-Bridging-Header.h";
			};
			name = Release;
		};
		4E3A823C1C853C03002561E2 /* Debug */ = {
			isa = XCBuildConfiguration;
			buildSettings = {
				BUNDLE_LOADER = "$(TEST_HOST)";
				INFOPLIST_FILE = TriggerWorkTests/Info.plist;
				LD_RUNPATH_SEARCH_PATHS = "$(inherited) @executable_path/Frameworks @loader_path/Frameworks";
				PRODUCT_BUNDLE_IDENTIFIER = com.craftsbury.TriggerWorkTests;
				PRODUCT_NAME = "$(TARGET_NAME)";
				TEST_HOST = "$(BUILT_PRODUCTS_DIR)/TriggerWork.app/TriggerWork";
			};
			name = Debug;
		};
		4E3A823D1C853C03002561E2 /* Release */ = {
			isa = XCBuildConfiguration;
			buildSettings = {
				BUNDLE_LOADER = "$(TEST_HOST)";
				INFOPLIST_FILE = TriggerWorkTests/Info.plist;
				LD_RUNPATH_SEARCH_PATHS = "$(inherited) @executable_path/Frameworks @loader_path/Frameworks";
				PRODUCT_BUNDLE_IDENTIFIER = com.craftsbury.TriggerWorkTests;
				PRODUCT_NAME = "$(TARGET_NAME)";
				TEST_HOST = "$(BUILT_PRODUCTS_DIR)/TriggerWork.app/TriggerWork";
			};
			name = Release;
		};
		4E3A823F1C853C03002561E2 /* Debug */ = {
			isa = XCBuildConfiguration;
			buildSettings = {
				INFOPLIST_FILE = TriggerWorkUITests/Info.plist;
				LD_RUNPATH_SEARCH_PATHS = "$(inherited) @executable_path/Frameworks @loader_path/Frameworks";
				PRODUCT_BUNDLE_IDENTIFIER = com.craftsbury.TriggerWorkUITests;
				PRODUCT_NAME = "$(TARGET_NAME)";
				TEST_TARGET_NAME = TriggerWork;
				USES_XCTRUNNER = YES;
			};
			name = Debug;
		};
		4E3A82401C853C03002561E2 /* Release */ = {
			isa = XCBuildConfiguration;
			buildSettings = {
				INFOPLIST_FILE = TriggerWorkUITests/Info.plist;
				LD_RUNPATH_SEARCH_PATHS = "$(inherited) @executable_path/Frameworks @loader_path/Frameworks";
				PRODUCT_BUNDLE_IDENTIFIER = com.craftsbury.TriggerWorkUITests;
				PRODUCT_NAME = "$(TARGET_NAME)";
				TEST_TARGET_NAME = TriggerWork;
				USES_XCTRUNNER = YES;
			};
			name = Release;
		};
		4E5A6CBB1C8B7D6100806161 /* Debug Staging */ = {
			isa = XCBuildConfiguration;
			buildSettings = {
				ALWAYS_SEARCH_USER_PATHS = NO;
				BUNDLE_ID = com.lostnationrd.TriggerWork.staging;
				CLANG_CXX_LANGUAGE_STANDARD = "gnu++0x";
				CLANG_CXX_LIBRARY = "libc++";
				CLANG_ENABLE_MODULES = YES;
				CLANG_ENABLE_OBJC_ARC = YES;
				CLANG_WARN_BOOL_CONVERSION = YES;
				CLANG_WARN_CONSTANT_CONVERSION = YES;
				CLANG_WARN_DIRECT_OBJC_ISA_USAGE = YES_ERROR;
				CLANG_WARN_EMPTY_BODY = YES;
				CLANG_WARN_ENUM_CONVERSION = YES;
				CLANG_WARN_INT_CONVERSION = YES;
				CLANG_WARN_OBJC_ROOT_CLASS = YES_ERROR;
				CLANG_WARN_UNREACHABLE_CODE = YES;
				CLANG_WARN__DUPLICATE_METHOD_MATCH = YES;
				"CODE_SIGN_IDENTITY[sdk=iphoneos*]" = "iPhone Developer";
				COPY_PHASE_STRIP = NO;
				DEBUG_INFORMATION_FORMAT = dwarf;
				ENABLE_STRICT_OBJC_MSGSEND = YES;
				ENABLE_TESTABILITY = YES;
				GCC_C_LANGUAGE_STANDARD = gnu99;
				GCC_DYNAMIC_NO_PIC = NO;
				GCC_NO_COMMON_BLOCKS = YES;
				GCC_OPTIMIZATION_LEVEL = 0;
				GCC_PREPROCESSOR_DEFINITIONS = (
					"DEBUG=1",
					"$(inherited)",
				);
				GCC_WARN_64_TO_32_BIT_CONVERSION = YES;
				GCC_WARN_ABOUT_RETURN_TYPE = YES_ERROR;
				GCC_WARN_UNDECLARED_SELECTOR = YES;
				GCC_WARN_UNINITIALIZED_AUTOS = YES_AGGRESSIVE;
				GCC_WARN_UNUSED_FUNCTION = YES;
				GCC_WARN_UNUSED_VARIABLE = YES;
				IPHONEOS_DEPLOYMENT_TARGET = 9.2;
				MTL_ENABLE_DEBUG_INFO = YES;
				NAME_SUFFIX = "-Staging";
				ONLY_ACTIVE_ARCH = YES;
				OTHER_SWIFT_FLAGS = "-DSTAGING -DDEBUG";
				SDKROOT = iphoneos;
				SWIFT_OBJC_BRIDGING_HEADER = "";
				SWIFT_OPTIMIZATION_LEVEL = "-Onone";
				TARGETED_DEVICE_FAMILY = "1,2";
			};
			name = "Debug Staging";
		};
		4E5A6CBC1C8B7D6100806161 /* Debug Staging */ = {
			isa = XCBuildConfiguration;
			baseConfigurationReference = FFC9E583CD6B58F70EB8B9D8 /* Pods-TriggerWork.debug staging.xcconfig */;
			buildSettings = {
				ALWAYS_SEARCH_USER_PATHS = NO;
				ASSETCATALOG_COMPILER_APPICON_NAME = AppIcon;
				CODE_SIGN_IDENTITY = "iPhone Developer";
				INFOPLIST_FILE = TriggerWork/Info.plist;
				LD_RUNPATH_SEARCH_PATHS = "$(inherited) @executable_path/Frameworks";
				PRODUCT_BUNDLE_IDENTIFIER = com.lostnationrd.TriggerWork;
				PRODUCT_NAME = "$(TARGET_NAME)";
				SWIFT_OBJC_BRIDGING_HEADER = "TriggerWork/TriggerWork-Bridging-Header.h";
			};
			name = "Debug Staging";
		};
		4E5A6CBD1C8B7D6100806161 /* Debug Staging */ = {
			isa = XCBuildConfiguration;
			buildSettings = {
				BUNDLE_LOADER = "$(TEST_HOST)";
				INFOPLIST_FILE = TriggerWorkTests/Info.plist;
				LD_RUNPATH_SEARCH_PATHS = "$(inherited) @executable_path/Frameworks @loader_path/Frameworks";
				PRODUCT_BUNDLE_IDENTIFIER = com.craftsbury.TriggerWorkTests;
				PRODUCT_NAME = "$(TARGET_NAME)";
				TEST_HOST = "$(BUILT_PRODUCTS_DIR)/TriggerWork.app/TriggerWork";
			};
			name = "Debug Staging";
		};
		4E5A6CBE1C8B7D6100806161 /* Debug Staging */ = {
			isa = XCBuildConfiguration;
			buildSettings = {
				INFOPLIST_FILE = TriggerWorkUITests/Info.plist;
				LD_RUNPATH_SEARCH_PATHS = "$(inherited) @executable_path/Frameworks @loader_path/Frameworks";
				PRODUCT_BUNDLE_IDENTIFIER = com.craftsbury.TriggerWorkUITests;
				PRODUCT_NAME = "$(TARGET_NAME)";
				TEST_TARGET_NAME = TriggerWork;
				USES_XCTRUNNER = YES;
			};
			name = "Debug Staging";
		};
		4E5A6CBF1C8B7D7D00806161 /* App Store */ = {
			isa = XCBuildConfiguration;
			buildSettings = {
				ALWAYS_SEARCH_USER_PATHS = NO;
				BUNDLE_ID = com.appstore.TriggerWork;
				CLANG_CXX_LANGUAGE_STANDARD = "gnu++0x";
				CLANG_CXX_LIBRARY = "libc++";
				CLANG_ENABLE_MODULES = YES;
				CLANG_ENABLE_OBJC_ARC = YES;
				CLANG_WARN_BOOL_CONVERSION = YES;
				CLANG_WARN_CONSTANT_CONVERSION = YES;
				CLANG_WARN_DIRECT_OBJC_ISA_USAGE = YES_ERROR;
				CLANG_WARN_EMPTY_BODY = YES;
				CLANG_WARN_ENUM_CONVERSION = YES;
				CLANG_WARN_INT_CONVERSION = YES;
				CLANG_WARN_OBJC_ROOT_CLASS = YES_ERROR;
				CLANG_WARN_UNREACHABLE_CODE = YES;
				CLANG_WARN__DUPLICATE_METHOD_MATCH = YES;
				"CODE_SIGN_IDENTITY[sdk=iphoneos*]" = "iPhone Developer";
				COPY_PHASE_STRIP = NO;
				DEBUG_INFORMATION_FORMAT = "dwarf-with-dsym";
				ENABLE_NS_ASSERTIONS = NO;
				ENABLE_STRICT_OBJC_MSGSEND = YES;
				GCC_C_LANGUAGE_STANDARD = gnu99;
				GCC_NO_COMMON_BLOCKS = YES;
				GCC_WARN_64_TO_32_BIT_CONVERSION = YES;
				GCC_WARN_ABOUT_RETURN_TYPE = YES_ERROR;
				GCC_WARN_UNDECLARED_SELECTOR = YES;
				GCC_WARN_UNINITIALIZED_AUTOS = YES_AGGRESSIVE;
				GCC_WARN_UNUSED_FUNCTION = YES;
				GCC_WARN_UNUSED_VARIABLE = YES;
				IPHONEOS_DEPLOYMENT_TARGET = 9.2;
				MTL_ENABLE_DEBUG_INFO = NO;
				NAME_SUFFIX = "";
				SDKROOT = iphoneos;
				SWIFT_OBJC_BRIDGING_HEADER = "";
				TARGETED_DEVICE_FAMILY = "1,2";
				VALIDATE_PRODUCT = YES;
			};
			name = "App Store";
		};
		4E5A6CC01C8B7D7D00806161 /* App Store */ = {
			isa = XCBuildConfiguration;
			baseConfigurationReference = 21A1A8983F54D53CF905E533 /* Pods-TriggerWork.app store.xcconfig */;
			buildSettings = {
				ALWAYS_SEARCH_USER_PATHS = NO;
				ASSETCATALOG_COMPILER_APPICON_NAME = AppIcon;
				CODE_SIGN_IDENTITY = "iPhone Developer";
				INFOPLIST_FILE = TriggerWork/Info.plist;
				LD_RUNPATH_SEARCH_PATHS = "$(inherited) @executable_path/Frameworks";
				PRODUCT_BUNDLE_IDENTIFIER = com.lostnationrd.TriggerWork;
				PRODUCT_NAME = "$(TARGET_NAME)";
				SWIFT_OBJC_BRIDGING_HEADER = "TriggerWork/TriggerWork-Bridging-Header.h";
			};
			name = "App Store";
		};
		4E5A6CC11C8B7D7D00806161 /* App Store */ = {
			isa = XCBuildConfiguration;
			buildSettings = {
				BUNDLE_LOADER = "$(TEST_HOST)";
				INFOPLIST_FILE = TriggerWorkTests/Info.plist;
				LD_RUNPATH_SEARCH_PATHS = "$(inherited) @executable_path/Frameworks @loader_path/Frameworks";
				PRODUCT_BUNDLE_IDENTIFIER = com.craftsbury.TriggerWorkTests;
				PRODUCT_NAME = "$(TARGET_NAME)";
				TEST_HOST = "$(BUILT_PRODUCTS_DIR)/TriggerWork.app/TriggerWork";
			};
			name = "App Store";
		};
		4E5A6CC21C8B7D7D00806161 /* App Store */ = {
			isa = XCBuildConfiguration;
			buildSettings = {
				INFOPLIST_FILE = TriggerWorkUITests/Info.plist;
				LD_RUNPATH_SEARCH_PATHS = "$(inherited) @executable_path/Frameworks @loader_path/Frameworks";
				PRODUCT_BUNDLE_IDENTIFIER = com.craftsbury.TriggerWorkUITests;
				PRODUCT_NAME = "$(TARGET_NAME)";
				TEST_TARGET_NAME = TriggerWork;
				USES_XCTRUNNER = YES;
			};
			name = "App Store";
		};
		4E5A6CC31C8B7D8500806161 /* Release Staging */ = {
			isa = XCBuildConfiguration;
			buildSettings = {
				ALWAYS_SEARCH_USER_PATHS = NO;
				BUNDLE_ID = com.lostnationrd.TriggerWork.staging;
				CLANG_CXX_LANGUAGE_STANDARD = "gnu++0x";
				CLANG_CXX_LIBRARY = "libc++";
				CLANG_ENABLE_MODULES = YES;
				CLANG_ENABLE_OBJC_ARC = YES;
				CLANG_WARN_BOOL_CONVERSION = YES;
				CLANG_WARN_CONSTANT_CONVERSION = YES;
				CLANG_WARN_DIRECT_OBJC_ISA_USAGE = YES_ERROR;
				CLANG_WARN_EMPTY_BODY = YES;
				CLANG_WARN_ENUM_CONVERSION = YES;
				CLANG_WARN_INT_CONVERSION = YES;
				CLANG_WARN_OBJC_ROOT_CLASS = YES_ERROR;
				CLANG_WARN_UNREACHABLE_CODE = YES;
				CLANG_WARN__DUPLICATE_METHOD_MATCH = YES;
				"CODE_SIGN_IDENTITY[sdk=iphoneos*]" = "iPhone Developer";
				COPY_PHASE_STRIP = NO;
				DEBUG_INFORMATION_FORMAT = "dwarf-with-dsym";
				ENABLE_NS_ASSERTIONS = NO;
				ENABLE_STRICT_OBJC_MSGSEND = YES;
				GCC_C_LANGUAGE_STANDARD = gnu99;
				GCC_NO_COMMON_BLOCKS = YES;
				GCC_PREPROCESSOR_DEFINITIONS = "";
				GCC_WARN_64_TO_32_BIT_CONVERSION = YES;
				GCC_WARN_ABOUT_RETURN_TYPE = YES_ERROR;
				GCC_WARN_UNDECLARED_SELECTOR = YES;
				GCC_WARN_UNINITIALIZED_AUTOS = YES_AGGRESSIVE;
				GCC_WARN_UNUSED_FUNCTION = YES;
				GCC_WARN_UNUSED_VARIABLE = YES;
				IPHONEOS_DEPLOYMENT_TARGET = 9.2;
				MTL_ENABLE_DEBUG_INFO = NO;
				NAME_SUFFIX = "-Staging";
				OTHER_SWIFT_FLAGS = "-DSTAGING -DRELEASE";
				SDKROOT = iphoneos;
				SWIFT_OBJC_BRIDGING_HEADER = "";
				TARGETED_DEVICE_FAMILY = "1,2";
				VALIDATE_PRODUCT = YES;
			};
			name = "Release Staging";
		};
		4E5A6CC41C8B7D8500806161 /* Release Staging */ = {
			isa = XCBuildConfiguration;
			baseConfigurationReference = 93C5B9815D25ED5B9340F693 /* Pods-TriggerWork.release staging.xcconfig */;
			buildSettings = {
				ALWAYS_SEARCH_USER_PATHS = NO;
				ASSETCATALOG_COMPILER_APPICON_NAME = AppIcon;
				CODE_SIGN_IDENTITY = "iPhone Developer";
				INFOPLIST_FILE = TriggerWork/Info.plist;
				LD_RUNPATH_SEARCH_PATHS = "$(inherited) @executable_path/Frameworks";
				PRODUCT_BUNDLE_IDENTIFIER = com.lostnationrd.TriggerWork;
				PRODUCT_NAME = "$(TARGET_NAME)";
				SWIFT_OBJC_BRIDGING_HEADER = "TriggerWork/TriggerWork-Bridging-Header.h";
			};
			name = "Release Staging";
		};
		4E5A6CC51C8B7D8500806161 /* Release Staging */ = {
			isa = XCBuildConfiguration;
			buildSettings = {
				BUNDLE_LOADER = "$(TEST_HOST)";
				INFOPLIST_FILE = TriggerWorkTests/Info.plist;
				LD_RUNPATH_SEARCH_PATHS = "$(inherited) @executable_path/Frameworks @loader_path/Frameworks";
				PRODUCT_BUNDLE_IDENTIFIER = com.craftsbury.TriggerWorkTests;
				PRODUCT_NAME = "$(TARGET_NAME)";
				TEST_HOST = "$(BUILT_PRODUCTS_DIR)/TriggerWork.app/TriggerWork";
			};
			name = "Release Staging";
		};
		4E5A6CC61C8B7D8500806161 /* Release Staging */ = {
			isa = XCBuildConfiguration;
			buildSettings = {
				INFOPLIST_FILE = TriggerWorkUITests/Info.plist;
				LD_RUNPATH_SEARCH_PATHS = "$(inherited) @executable_path/Frameworks @loader_path/Frameworks";
				PRODUCT_BUNDLE_IDENTIFIER = com.craftsbury.TriggerWorkUITests;
				PRODUCT_NAME = "$(TARGET_NAME)";
				TEST_TARGET_NAME = TriggerWork;
				USES_XCTRUNNER = YES;
			};
			name = "Release Staging";
		};
/* End XCBuildConfiguration section */

/* Begin XCConfigurationList section */
		4E3A820B1C853C03002561E2 /* Build configuration list for PBXProject "TriggerWork" */ = {
			isa = XCConfigurationList;
			buildConfigurations = (
				4E3A82361C853C03002561E2 /* Debug */,
				4E5A6CBB1C8B7D6100806161 /* Debug Staging */,
				4E3A82371C853C03002561E2 /* Release */,
				4E5A6CC31C8B7D8500806161 /* Release Staging */,
				4E5A6CBF1C8B7D7D00806161 /* App Store */,
			);
			defaultConfigurationIsVisible = 0;
			defaultConfigurationName = Release;
		};
		4E3A82381C853C03002561E2 /* Build configuration list for PBXNativeTarget "TriggerWork" */ = {
			isa = XCConfigurationList;
			buildConfigurations = (
				4E3A82391C853C03002561E2 /* Debug */,
				4E5A6CBC1C8B7D6100806161 /* Debug Staging */,
				4E3A823A1C853C03002561E2 /* Release */,
				4E5A6CC41C8B7D8500806161 /* Release Staging */,
				4E5A6CC01C8B7D7D00806161 /* App Store */,
			);
			defaultConfigurationIsVisible = 0;
			defaultConfigurationName = Release;
		};
		4E3A823B1C853C03002561E2 /* Build configuration list for PBXNativeTarget "TriggerWorkTests" */ = {
			isa = XCConfigurationList;
			buildConfigurations = (
				4E3A823C1C853C03002561E2 /* Debug */,
				4E5A6CBD1C8B7D6100806161 /* Debug Staging */,
				4E3A823D1C853C03002561E2 /* Release */,
				4E5A6CC51C8B7D8500806161 /* Release Staging */,
				4E5A6CC11C8B7D7D00806161 /* App Store */,
			);
			defaultConfigurationIsVisible = 0;
			defaultConfigurationName = Release;
		};
		4E3A823E1C853C03002561E2 /* Build configuration list for PBXNativeTarget "TriggerWorkUITests" */ = {
			isa = XCConfigurationList;
			buildConfigurations = (
				4E3A823F1C853C03002561E2 /* Debug */,
				4E5A6CBE1C8B7D6100806161 /* Debug Staging */,
				4E3A82401C853C03002561E2 /* Release */,
				4E5A6CC61C8B7D8500806161 /* Release Staging */,
				4E5A6CC21C8B7D7D00806161 /* App Store */,
			);
			defaultConfigurationIsVisible = 0;
			defaultConfigurationName = Release;
		};
/* End XCConfigurationList section */
	};
	rootObject = 4E3A82081C853C03002561E2 /* Project object */;
}
